
Microsoft Visual Studio Solution File, Format Version 12.00
# Visual Studio Version 16
VisualStudioVersion = 16.0.31424.327
MinimumVisualStudioVersion = 10.0.40219.1
Project("{FAE04EC0-301F-11D3-BF4B-00C04F79EFBC}") = "WebApplication2", "WebApplication2\WebApplication2.csproj", "{B664BE99-608F-412D-ACAB-03D0147870C6}"
EndProject
Global
	GlobalSection(SolutionConfigurationPlatforms) = preSolution
		Debug|Any CPU = Debug|Any CPU
		Release|Any CPU = Release|Any CPU
	EndGlobalSection
	GlobalSection(ProjectConfigurationPlatforms) = postSolution
		{B664BE99-608F-412D-ACAB-03D0147870C6}.Debug|Any CPU.ActiveCfg = Debug|Any CPU
		{B664BE99-608F-412D-ACAB-03D0147870C6}.Debug|Any CPU.Build.0 = Debug|Any CPU
		{B664BE99-608F-412D-ACAB-03D0147870C6}.Release|Any CPU.ActiveCfg = Release|Any CPU
		{B664BE99-608F-412D-ACAB-03D0147870C6}.Release|Any CPU.Build.0 = Release|Any CPU
	EndGlobalSection
	GlobalSection(SolutionProperties) = preSolution
		HideSolutionNode = FALSE
	EndGlobalSection
	GlobalSection(ExtensibilityGlobals) = postSolution
		SolutionGuid = {208AFA03-DE1B-4945-8990-9EB3A0040BF6}
	EndGlobalSection
EndGlobal
